
Microsoft Visual Studio Solution File, Format Version 12.00
# Visual Studio Version 16
VisualStudioVersion = 16.0.30104.148
MinimumVisualStudioVersion = 10.0.40219.1
Project("{FAE04EC0-301F-11D3-BF4B-00C04F79EFBC}") = "NarcissisticNumber", "NarcissisticNumber\NarcissisticNumber.csproj", "{62A72BC0-9936-456A-AD05-FDA4717AD29E}"
EndProject
Project("{FAE04EC0-301F-11D3-BF4B-00C04F79EFBC}") = "NarcissisticNumberTest", "NarcissisticNumberTest\NarcissisticNumberTest.csproj", "{F7F21E27-69C5-4A0D-AF67-C089E619779B}"
EndProject
Global
	GlobalSection(SolutionConfigurationPlatforms) = preSolution
		Debug|Any CPU = Debug|Any CPU
		Release|Any CPU = Release|Any CPU
	EndGlobalSection
	GlobalSection(ProjectConfigurationPlatforms) = postSolution
		{62A72BC0-9936-456A-AD05-FDA4717AD29E}.Debug|Any CPU.ActiveCfg = Debug|Any CPU
		{62A72BC0-9936-456A-AD05-FDA4717AD29E}.Debug|Any CPU.Build.0 = Debug|Any CPU
		{62A72BC0-9936-456A-AD05-FDA4717AD29E}.Release|Any CPU.ActiveCfg = Release|Any CPU
		{62A72BC0-9936-456A-AD05-FDA4717AD29E}.Release|Any CPU.Build.0 = Release|Any CPU
		{F7F21E27-69C5-4A0D-AF67-C089E619779B}.Debug|Any CPU.ActiveCfg = Debug|Any CPU
		{F7F21E27-69C5-4A0D-AF67-C089E619779B}.Debug|Any CPU.Build.0 = Debug|Any CPU
		{F7F21E27-69C5-4A0D-AF67-C089E619779B}.Release|Any CPU.ActiveCfg = Release|Any CPU
		{F7F21E27-69C5-4A0D-AF67-C089E619779B}.Release|Any CPU.Build.0 = Release|Any CPU
	EndGlobalSection
	GlobalSection(SolutionProperties) = preSolution
		HideSolutionNode = FALSE
	EndGlobalSection
	GlobalSection(ExtensibilityGlobals) = postSolution
		SolutionGuid = {DB2629BA-CC7F-4A41-BBD2-04AE9E97A0E8}
	EndGlobalSection
EndGlobal
